PODS:
  - SOPullUpView (0.0.1)

DEPENDENCIES:
  - SOPullUpView (from `https://github.com/Ahmadalsofi/SOPullUpView.git`, tag `1.0.0`)

EXTERNAL SOURCES:
  SOPullUpView:
    :git: https://github.com/Ahmadalsofi/SOPullUpView.git
    :tag: 1.0.0

CHECKOUT OPTIONS:
  SOPullUpView:
    :git: https://github.com/Ahmadalsofi/SOPullUpView.git
    :tag: 1.0.0

SPEC CHECKSUMS:
  SOPullUpView: 490588483d300d6dc14064a7d9e0e043b12b149a

PODFILE CHECKSUM: 68e3bf21442397101c4333fb9f7dbe822780b654

COCOAPODS: 1.8.4
